
Microsoft Visual Studio Solution File, Format Version 12.00
# Visual Studio Version 16
VisualStudioVersion = 16.0.30225.117
MinimumVisualStudioVersion = 10.0.40219.1
Project("{9A19103F-16F7-4668-BE54-9A1E7A4F7556}") = "LopezAutoSales.Server", "LopezAutoSales\Server\LopezAutoSales.Server.csproj", "{43F6CE88-EB28-4432-AC0A-4D313EB696B7}"
EndProject
Project("{9A19103F-16F7-4668-BE54-9A1E7A4F7556}") = "LopezAutoSales.Client", "LopezAutoSales\Client\LopezAutoSales.Client.csproj", "{03224478-E167-4638-9836-0E9D52FE43F0}"
EndProject
Project("{9A19103F-16F7-4668-BE54-9A1E7A4F7556}") = "LopezAutoSales.Shared", "LopezAutoSales\Shared\LopezAutoSales.Shared.csproj", "{3150DD95-71FD-4CAE-9570-324DCBE47D21}"
EndProject
Project("{9092AA53-FB77-4645-B42D-1CCCA6BD08BD}") = "LopezAutoSales.Packages", "LopezAutoSales\Packages\LopezAutoSales.Packages.njsproj", "{F91D5D7E-4A0A-46F9-9EA8-C35014215B4D}"
EndProject
Global
	GlobalSection(SolutionConfigurationPlatforms) = preSolution
		Debug|Any CPU = Debug|Any CPU
		Release|Any CPU = Release|Any CPU
	EndGlobalSection
	GlobalSection(ProjectConfigurationPlatforms) = postSolution
		{43F6CE88-EB28-4432-AC0A-4D313EB696B7}.Debug|Any CPU.ActiveCfg = Debug|Any CPU
		{43F6CE88-EB28-4432-AC0A-4D313EB696B7}.Debug|Any CPU.Build.0 = Debug|Any CPU
		{43F6CE88-EB28-4432-AC0A-4D313EB696B7}.Release|Any CPU.ActiveCfg = Release|Any CPU
		{43F6CE88-EB28-4432-AC0A-4D313EB696B7}.Release|Any CPU.Build.0 = Release|Any CPU
		{03224478-E167-4638-9836-0E9D52FE43F0}.Debug|Any CPU.ActiveCfg = Debug|Any CPU
		{03224478-E167-4638-9836-0E9D52FE43F0}.Debug|Any CPU.Build.0 = Debug|Any CPU
		{03224478-E167-4638-9836-0E9D52FE43F0}.Release|Any CPU.ActiveCfg = Release|Any CPU
		{03224478-E167-4638-9836-0E9D52FE43F0}.Release|Any CPU.Build.0 = Release|Any CPU
		{3150DD95-71FD-4CAE-9570-324DCBE47D21}.Debug|Any CPU.ActiveCfg = Debug|Any CPU
		{3150DD95-71FD-4CAE-9570-324DCBE47D21}.Debug|Any CPU.Build.0 = Debug|Any CPU
		{3150DD95-71FD-4CAE-9570-324DCBE47D21}.Release|Any CPU.ActiveCfg = Release|Any CPU
		{3150DD95-71FD-4CAE-9570-324DCBE47D21}.Release|Any CPU.Build.0 = Release|Any CPU
		{F91D5D7E-4A0A-46F9-9EA8-C35014215B4D}.Debug|Any CPU.ActiveCfg = Debug|Any CPU
		{F91D5D7E-4A0A-46F9-9EA8-C35014215B4D}.Debug|Any CPU.Build.0 = Debug|Any CPU
		{F91D5D7E-4A0A-46F9-9EA8-C35014215B4D}.Release|Any CPU.ActiveCfg = Release|Any CPU
		{F91D5D7E-4A0A-46F9-9EA8-C35014215B4D}.Release|Any CPU.Build.0 = Release|Any CPU
	EndGlobalSection
	GlobalSection(SolutionProperties) = preSolution
		HideSolutionNode = FALSE
	EndGlobalSection
	GlobalSection(ExtensibilityGlobals) = postSolution
		SolutionGuid = {57F54A42-2B6A-455F-9D11-513F1F132B34}
	EndGlobalSection
EndGlobal
